
Microsoft Visual Studio Solution File, Format Version 12.00
# Visual Studio Version 16
VisualStudioVersion = 16.0.31129.286
MinimumVisualStudioVersion = 10.0.40219.1
Project("{FAE04EC0-301F-11D3-BF4B-00C04F79EFBC}") = "autoliading_xml_interaction", "autoliading_xml_interaction\autoliading_xml_interaction.csproj", "{BC75B21B-846A-4597-9312-8C9D938855AE}"
EndProject
Global
	GlobalSection(SolutionConfigurationPlatforms) = preSolution
		Debug|Any CPU = Debug|Any CPU
		Release|Any CPU = Release|Any CPU
	EndGlobalSection
	GlobalSection(ProjectConfigurationPlatforms) = postSolution
		{BC75B21B-846A-4597-9312-8C9D938855AE}.Debug|Any CPU.ActiveCfg = Debug|Any CPU
		{BC75B21B-846A-4597-9312-8C9D938855AE}.Debug|Any CPU.Build.0 = Debug|Any CPU
		{BC75B21B-846A-4597-9312-8C9D938855AE}.Release|Any CPU.ActiveCfg = Release|Any CPU
		{BC75B21B-846A-4597-9312-8C9D938855AE}.Release|Any CPU.Build.0 = Release|Any CPU
	EndGlobalSection
	GlobalSection(SolutionProperties) = preSolution
		HideSolutionNode = FALSE
	EndGlobalSection
	GlobalSection(ExtensibilityGlobals) = postSolution
		SolutionGuid = {7DECBE21-A64A-4FC0-8A17-BD3012A18230}
	EndGlobalSection
EndGlobal
